
Microsoft Visual Studio Solution File, Format Version 12.00
# Visual Studio Version 16
VisualStudioVersion = 16.0.35931.194
MinimumVisualStudioVersion = 10.0.40219.1
Project("{FAE04EC0-301F-11D3-BF4B-00C04F79EFBC}") = "EPE2_WALTER_JUANP", "EPE2_WALTER_JUANP\EPE2_WALTER_JUANP.csproj", "{5A17F28B-9AFD-484A-A993-EE592A55E896}"
EndProject
Global
	GlobalSection(SolutionConfigurationPlatforms) = preSolution
		Debug|Any CPU = Debug|Any CPU
		Release|Any CPU = Release|Any CPU
	EndGlobalSection
	GlobalSection(ProjectConfigurationPlatforms) = postSolution
		{5A17F28B-9AFD-484A-A993-EE592A55E896}.Debug|Any CPU.ActiveCfg = Debug|Any CPU
		{5A17F28B-9AFD-484A-A993-EE592A55E896}.Debug|Any CPU.Build.0 = Debug|Any CPU
		{5A17F28B-9AFD-484A-A993-EE592A55E896}.Release|Any CPU.ActiveCfg = Release|Any CPU
		{5A17F28B-9AFD-484A-A993-EE592A55E896}.Release|Any CPU.Build.0 = Release|Any CPU
	EndGlobalSection
	GlobalSection(SolutionProperties) = preSolution
		HideSolutionNode = FALSE
	EndGlobalSection
	GlobalSection(ExtensibilityGlobals) = postSolution
		SolutionGuid = {BF514936-4CB4-4688-AE1A-5A24D52D5850}
	EndGlobalSection
EndGlobal
